
Microsoft Visual Studio Solution File, Format Version 12.00
# Visual Studio 14
VisualStudioVersion = 14.0.25420.1
MinimumVisualStudioVersion = 10.0.40219.1
Project("{FAE04EC0-301F-11D3-BF4B-00C04F79EFBC}") = "Testing.Android", "Testing\Testing.Android\Testing.Android.csproj", "{758F79C7-E8F8-46F2-AEA4-A12947C6CF39}"
EndProject
Project("{FAE04EC0-301F-11D3-BF4B-00C04F79EFBC}") = "Testing", "Testing\Testing\Testing.csproj", "{0E33C6E3-0618-47DD-BAA2-E3A01672FCCF}"
EndProject
Project("{FAE04EC0-301F-11D3-BF4B-00C04F79EFBC}") = "Testing.UWP", "Testing\Testing.UWP\Testing.UWP.csproj", "{85D8EA2D-CA81-463D-AD0F-9742EEDC4FC8}"
EndProject
Project("{FAE04EC0-301F-11D3-BF4B-00C04F79EFBC}") = "Testing.iOS", "Testing\Testing.iOS\Testing.iOS.csproj", "{C77C05B4-E2A5-4CE2-BE88-1FCADD199D92}"
EndProject
Global
	GlobalSection(SolutionConfigurationPlatforms) = preSolution
		Ad-Hoc|Any CPU = Ad-Hoc|Any CPU
		Ad-Hoc|ARM = Ad-Hoc|ARM
		Ad-Hoc|iPhone = Ad-Hoc|iPhone
		Ad-Hoc|iPhoneSimulator = Ad-Hoc|iPhoneSimulator
		Ad-Hoc|x64 = Ad-Hoc|x64
		Ad-Hoc|x86 = Ad-Hoc|x86
		AppStore|Any CPU = AppStore|Any CPU
		AppStore|ARM = AppStore|ARM
		AppStore|iPhone = AppStore|iPhone
		AppStore|iPhoneSimulator = AppStore|iPhoneSimulator
		AppStore|x64 = AppStore|x64
		AppStore|x86 = AppStore|x86
		Debug|Any CPU = Debug|Any CPU
		Debug|ARM = Debug|ARM
		Debug|iPhone = Debug|iPhone
		Debug|iPhoneSimulator = Debug|iPhoneSimulator
		Debug|x64 = Debug|x64
		Debug|x86 = Debug|x86
		Release|Any CPU = Release|Any CPU
		Release|ARM = Release|ARM
		Release|iPhone = Release|iPhone
		Release|iPhoneSimulator = Release|iPhoneSimulator
		Release|x64 = Release|x64
		Release|x86 = Release|x86
	EndGlobalSection
	GlobalSection(ProjectConfigurationPlatforms) = postSolution
		{758F79C7-E8F8-46F2-AEA4-A12947C6CF39}.Ad-Hoc|Any CPU.ActiveCfg = Release|Any CPU
		{758F79C7-E8F8-46F2-AEA4-A12947C6CF39}.Ad-Hoc|Any CPU.Build.0 = Release|Any CPU
		{758F79C7-E8F8-46F2-AEA4-A12947C6CF39}.Ad-Hoc|Any CPU.Deploy.0 = Release|Any CPU
		{758F79C7-E8F8-46F2-AEA4-A12947C6CF39}.Ad-Hoc|ARM.ActiveCfg = Release|Any CPU
		{758F79C7-E8F8-46F2-AEA4-A12947C6CF39}.Ad-Hoc|ARM.Build.0 = Release|Any CPU
		{758F79C7-E8F8-46F2-AEA4-A12947C6CF39}.Ad-Hoc|ARM.Deploy.0 = Release|Any CPU
		{758F79C7-E8F8-46F2-AEA4-A12947C6CF39}.Ad-Hoc|iPhone.ActiveCfg = Release|Any CPU
		{758F79C7-E8F8-46F2-AEA4-A12947C6CF39}.Ad-Hoc|iPhone.Build.0 = Release|Any CPU
		{758F79C7-E8F8-46F2-AEA4-A12947C6CF39}.Ad-Hoc|iPhone.Deploy.0 = Release|Any CPU
		{758F79C7-E8F8-46F2-AEA4-A12947C6CF39}.Ad-Hoc|iPhoneSimulator.ActiveCfg = Release|Any CPU
		{758F79C7-E8F8-46F2-AEA4-A12947C6CF39}.Ad-Hoc|iPhoneSimulator.Build.0 = Release|Any CPU
		{758F79C7-E8F8-46F2-AEA4-A12947C6CF39}.Ad-Hoc|iPhoneSimulator.Deploy.0 = Release|Any CPU
		{758F79C7-E8F8-46F2-AEA4-A12947C6CF39}.Ad-Hoc|x64.ActiveCfg = Release|Any CPU
		{758F79C7-E8F8-46F2-AEA4-A12947C6CF39}.Ad-Hoc|x64.Build.0 = Release|Any CPU
		{758F79C7-E8F8-46F2-AEA4-A12947C6CF39}.Ad-Hoc|x64.Deploy.0 = Release|Any CPU
		{758F79C7-E8F8-46F2-AEA4-A12947C6CF39}.Ad-Hoc|x86.ActiveCfg = Release|Any CPU
		{758F79C7-E8F8-46F2-AEA4-A12947C6CF39}.Ad-Hoc|x86.Build.0 = Release|Any CPU
		{758F79C7-E8F8-46F2-AEA4-A12947C6CF39}.Ad-Hoc|x86.Deploy.0 = Release|Any CPU
		{758F79C7-E8F8-46F2-AEA4-A12947C6CF39}.AppStore|Any CPU.ActiveCfg = Release|Any CPU
		{758F79C7-E8F8-46F2-AEA4-A12947C6CF39}.AppStore|Any CPU.Build.0 = Release|Any CPU
		{758F79C7-E8F8-46F2-AEA4-A12947C6CF39}.AppStore|Any CPU.Deploy.0 = Release|Any CPU
		{758F79C7-E8F8-46F2-AEA4-A12947C6CF39}.AppStore|ARM.ActiveCfg = Release|Any CPU
		{758F79C7-E8F8-46F2-AEA4-A12947C6CF39}.AppStore|ARM.Build.0 = Release|Any CPU
		{758F79C7-E8F8-46F2-AEA4-A12947C6CF39}.AppStore|ARM.Deploy.0 = Release|Any CPU
		{758F79C7-E8F8-46F2-AEA4-A12947C6CF39}.AppStore|iPhone.ActiveCfg = Release|Any CPU
		{758F79C7-E8F8-46F2-AEA4-A12947C6CF39}.AppStore|iPhone.Build.0 = Release|Any CPU
		{758F79C7-E8F8-46F2-AEA4-A12947C6CF39}.AppStore|iPhone.Deploy.0 = Release|Any CPU
		{758F79C7-E8F8-46F2-AEA4-A12947C6CF39}.AppStore|iPhoneSimulator.ActiveCfg = Release|Any CPU
		{758F79C7-E8F8-46F2-AEA4-A12947C6CF39}.AppStore|iPhoneSimulator.Build.0 = Release|Any CPU
		{758F79C7-E8F8-46F2-AEA4-A12947C6CF39}.AppStore|iPhoneSimulator.Deploy.0 = Release|Any CPU
		{758F79C7-E8F8-46F2-AEA4-A12947C6CF39}.AppStore|x64.ActiveCfg = Release|Any CPU
		{758F79C7-E8F8-46F2-AEA4-A12947C6CF39}.AppStore|x64.Build.0 = Release|Any CPU
		{758F79C7-E8F8-46F2-AEA4-A12947C6CF39}.AppStore|x64.Deploy.0 = Release|Any CPU
		{758F79C7-E8F8-46F2-AEA4-A12947C6CF39}.AppStore|x86.ActiveCfg = Release|Any CPU
		{758F79C7-E8F8-46F2-AEA4-A12947C6CF39}.AppStore|x86.Build.0 = Release|Any CPU
		{758F79C7-E8F8-46F2-AEA4-A12947C6CF39}.AppStore|x86.Deploy.0 = Release|Any CPU
		{758F79C7-E8F8-46F2-AEA4-A12947C6CF39}.Debug|Any CPU.ActiveCfg = Debug|Any CPU
		{758F79C7-E8F8-46F2-AEA4-A12947C6CF39}.Debug|Any CPU.Build.0 = Debug|Any CPU
		{758F79C7-E8F8-46F2-AEA4-A12947C6CF39}.Debug|Any CPU.Deploy.0 = Debug|Any CPU
		{758F79C7-E8F8-46F2-AEA4-A12947C6CF39}.Debug|ARM.ActiveCfg = Debug|Any CPU
		{758F79C7-E8F8-46F2-AEA4-A12947C6CF39}.Debug|ARM.Build.0 = Debug|Any CPU
		{758F79C7-E8F8-46F2-AEA4-A12947C6CF39}.Debug|ARM.Deploy.0 = Debug|Any CPU
		{758F79C7-E8F8-46F2-AEA4-A12947C6CF39}.Debug|iPhone.ActiveCfg = Debug|Any CPU
		{758F79C7-E8F8-46F2-AEA4-A12947C6CF39}.Debug|iPhone.Build.0 = Debug|Any CPU
		{758F79C7-E8F8-46F2-AEA4-A12947C6CF39}.Debug|iPhone.Deploy.0 = Debug|Any CPU
		{758F79C7-E8F8-46F2-AEA4-A12947C6CF39}.Debug|iPhoneSimulator.ActiveCfg = Debug|Any CPU
		{758F79C7-E8F8-46F2-AEA4-A12947C6CF39}.Debug|iPhoneSimulator.Build.0 = Debug|Any CPU
		{758F79C7-E8F8-46F2-AEA4-A12947C6CF39}.Debug|iPhoneSimulator.Deploy.0 = Debug|Any CPU
		{758F79C7-E8F8-46F2-AEA4-A12947C6CF39}.Debug|x64.ActiveCfg = Debug|Any CPU
		{758F79C7-E8F8-46F2-AEA4-A12947C6CF39}.Debug|x64.Build.0 = Debug|Any CPU
		{758F79C7-E8F8-46F2-AEA4-A12947C6CF39}.Debug|x64.Deploy.0 = Debug|Any CPU
		{758F79C7-E8F8-46F2-AEA4-A12947C6CF39}.Debug|x86.ActiveCfg = Debug|Any CPU
		{758F79C7-E8F8-46F2-AEA4-A12947C6CF39}.Debug|x86.Build.0 = Debug|Any CPU
		{758F79C7-E8F8-46F2-AEA4-A12947C6CF39}.Debug|x86.Deploy.0 = Debug|Any CPU
		{758F79C7-E8F8-46F2-AEA4-A12947C6CF39}.Release|Any CPU.ActiveCfg = Release|Any CPU
		{758F79C7-E8F8-46F2-AEA4-A12947C6CF39}.Release|Any CPU.Build.0 = Release|Any CPU
		{758F79C7-E8F8-46F2-AEA4-A12947C6CF39}.Release|Any CPU.Deploy.0 = Release|Any CPU
		{758F79C7-E8F8-46F2-AEA4-A12947C6CF39}.Release|ARM.ActiveCfg = Release|Any CPU
		{758F79C7-E8F8-46F2-AEA4-A12947C6CF39}.Release|ARM.Build.0 = Release|Any CPU
		{758F79C7-E8F8-46F2-AEA4-A12947C6CF39}.Release|ARM.Deploy.0 = Release|Any CPU
		{758F79C7-E8F8-46F2-AEA4-A12947C6CF39}.Release|iPhone.ActiveCfg = Release|Any CPU
		{758F79C7-E8F8-46F2-AEA4-A12947C6CF39}.Release|iPhone.Build.0 = Release|Any CPU
		{758F79C7-E8F8-46F2-AEA4-A12947C6CF39}.Release|iPhone.Deploy.0 = Release|Any CPU
		{758F79C7-E8F8-46F2-AEA4-A12947C6CF39}.Release|iPhoneSimulator.ActiveCfg = Release|Any CPU
		{758F79C7-E8F8-46F2-AEA4-A12947C6CF39}.Release|iPhoneSimulator.Build.0 = Release|Any CPU
		{758F79C7-E8F8-46F2-AEA4-A12947C6CF39}.Release|iPhoneSimulator.Deploy.0 = Release|Any CPU
		{758F79C7-E8F8-46F2-AEA4-A12947C6CF39}.Release|x64.ActiveCfg = Release|Any CPU
		{758F79C7-E8F8-46F2-AEA4-A12947C6CF39}.Release|x64.Build.0 = Release|Any CPU
		{758F79C7-E8F8-46F2-AEA4-A12947C6CF39}.Release|x64.Deploy.0 = Release|Any CPU
		{758F79C7-E8F8-46F2-AEA4-A12947C6CF39}.Release|x86.ActiveCfg = Release|Any CPU
		{758F79C7-E8F8-46F2-AEA4-A12947C6CF39}.Release|x86.Build.0 = Release|Any CPU
		{758F79C7-E8F8-46F2-AEA4-A12947C6CF39}.Release|x86.Deploy.0 = Release|Any CPU
		{0E33C6E3-0618-47DD-BAA2-E3A01672FCCF}.Ad-Hoc|Any CPU.ActiveCfg = Release|Any CPU
		{0E33C6E3-0618-47DD-BAA2-E3A01672FCCF}.Ad-Hoc|Any CPU.Build.0 = Release|Any CPU
		{0E33C6E3-0618-47DD-BAA2-E3A01672FCCF}.Ad-Hoc|ARM.ActiveCfg = Release|Any CPU
		{0E33C6E3-0618-47DD-BAA2-E3A01672FCCF}.Ad-Hoc|ARM.Build.0 = Release|Any CPU
		{0E33C6E3-0618-47DD-BAA2-E3A01672FCCF}.Ad-Hoc|iPhone.ActiveCfg = Release|Any CPU
		{0E33C6E3-0618-47DD-BAA2-E3A01672FCCF}.Ad-Hoc|iPhone.Build.0 = Release|Any CPU
		{0E33C6E3-0618-47DD-BAA2-E3A01672FCCF}.Ad-Hoc|iPhoneSimulator.ActiveCfg = Release|Any CPU
		{0E33C6E3-0618-47DD-BAA2-E3A01672FCCF}.Ad-Hoc|iPhoneSimulator.Build.0 = Release|Any CPU
		{0E33C6E3-0618-47DD-BAA2-E3A01672FCCF}.Ad-Hoc|x64.ActiveCfg = Release|Any CPU
		{0E33C6E3-0618-47DD-BAA2-E3A01672FCCF}.Ad-Hoc|x64.Build.0 = Release|Any CPU
		{0E33C6E3-0618-47DD-BAA2-E3A01672FCCF}.Ad-Hoc|x86.ActiveCfg = Release|Any CPU
		{0E33C6E3-0618-47DD-BAA2-E3A01672FCCF}.Ad-Hoc|x86.Build.0 = Release|Any CPU
		{0E33C6E3-0618-47DD-BAA2-E3A01672FCCF}.AppStore|Any CPU.ActiveCfg = Release|Any CPU
		{0E33C6E3-0618-47DD-BAA2-E3A01672FCCF}.AppStore|Any CPU.Build.0 = Release|Any CPU
		{0E33C6E3-0618-47DD-BAA2-E3A01672FCCF}.AppStore|ARM.ActiveCfg = Release|Any CPU
		{0E33C6E3-0618-47DD-BAA2-E3A01672FCCF}.AppStore|ARM.Build.0 = Release|Any CPU
		{0E33C6E3-0618-47DD-BAA2-E3A01672FCCF}.AppStore|iPhone.ActiveCfg = Release|Any CPU
		{0E33C6E3-0618-47DD-BAA2-E3A01672FCCF}.AppStore|iPhone.Build.0 = Release|Any CPU
		{0E33C6E3-0618-47DD-BAA2-E3A01672FCCF}.AppStore|iPhoneSimulator.ActiveCfg = Release|Any CPU
		{0E33C6E3-0618-47DD-BAA2-E3A01672FCCF}.AppStore|iPhoneSimulator.Build.0 = Release|Any CPU
		{0E33C6E3-0618-47DD-BAA2-E3A01672FCCF}.AppStore|x64.ActiveCfg = Release|Any CPU
		{0E33C6E3-0618-47DD-BAA2-E3A01672FCCF}.AppStore|x64.Build.0 = Release|Any CPU
		{0E33C6E3-0618-47DD-BAA2-E3A01672FCCF}.AppStore|x86.ActiveCfg = Release|Any CPU
		{0E33C6E3-0618-47DD-BAA2-E3A01672FCCF}.AppStore|x86.Build.0 = Release|Any CPU
		{0E33C6E3-0618-47DD-BAA2-E3A01672FCCF}.Debug|Any CPU.ActiveCfg = Debug|Any CPU
		{0E33C6E3-0618-47DD-BAA2-E3A01672FCCF}.Debug|Any CPU.Build.0 = Debug|Any CPU
		{0E33C6E3-0618-47DD-BAA2-E3A01672FCCF}.Debug|ARM.ActiveCfg = Debug|Any CPU
		{0E33C6E3-0618-47DD-BAA2-E3A01672FCCF}.Debug|ARM.Build.0 = Debug|Any CPU
		{0E33C6E3-0618-47DD-BAA2-E3A01672FCCF}.Debug|iPhone.ActiveCfg = Debug|Any CPU
		{0E33C6E3-0618-47DD-BAA2-E3A01672FCCF}.Debug|iPhone.Build.0 = Debug|Any CPU
		{0E33C6E3-0618-47DD-BAA2-E3A01672FCCF}.Debug|iPhoneSimulator.ActiveCfg = Debug|Any CPU
		{0E33C6E3-0618-47DD-BAA2-E3A01672FCCF}.Debug|iPhoneSimulator.Build.0 = Debug|Any CPU
		{0E33C6E3-0618-47DD-BAA2-E3A01672FCCF}.Debug|x64.ActiveCfg = Debug|Any CPU
		{0E33C6E3-0618-47DD-BAA2-E3A01672FCCF}.Debug|x64.Build.0 = Debug|Any CPU
		{0E33C6E3-0618-47DD-BAA2-E3A01672FCCF}.Debug|x86.ActiveCfg = Debug|Any CPU
		{0E33C6E3-0618-47DD-BAA2-E3A01672FCCF}.Debug|x86.Build.0 = Debug|Any CPU
		{0E33C6E3-0618-47DD-BAA2-E3A01672FCCF}.Release|Any CPU.ActiveCfg = Release|Any CPU
		{0E33C6E3-0618-47DD-BAA2-E3A01672FCCF}.Release|Any CPU.Build.0 = Release|Any CPU
		{0E33C6E3-0618-47DD-BAA2-E3A01672FCCF}.Release|ARM.ActiveCfg = Release|Any CPU
		{0E33C6E3-0618-47DD-BAA2-E3A01672FCCF}.Release|ARM.Build.0 = Release|Any CPU
		{0E33C6E3-0618-47DD-BAA2-E3A01672FCCF}.Release|iPhone.ActiveCfg = Release|Any CPU
		{0E33C6E3-0618-47DD-BAA2-E3A01672FCCF}.Release|iPhone.Build.0 = Release|Any CPU
		{0E33C6E3-0618-47DD-BAA2-E3A01672FCCF}.Release|iPhoneSimulator.ActiveCfg = Release|Any CPU
		{0E33C6E3-0618-47DD-BAA2-E3A01672FCCF}.Release|iPhoneSimulator.Build.0 = Release|Any CPU
		{0E33C6E3-0618-47DD-BAA2-E3A01672FCCF}.Release|x64.ActiveCfg = Release|Any CPU
		{0E33C6E3-0618-47DD-BAA2-E3A01672FCCF}.Release|x64.Build.0 = Release|Any CPU
		{0E33C6E3-0618-47DD-BAA2-E3A01672FCCF}.Release|x86.ActiveCfg = Release|Any CPU
		{0E33C6E3-0618-47DD-BAA2-E3A01672FCCF}.Release|x86.Build.0 = Release|Any CPU
		{85D8EA2D-CA81-463D-AD0F-9742EEDC4FC8}.Ad-Hoc|Any CPU.ActiveCfg = Release|x86
		{85D8EA2D-CA81-463D-AD0F-9742EEDC4FC8}.Ad-Hoc|Any CPU.Build.0 = Release|x86
		{85D8EA2D-CA81-463D-AD0F-9742EEDC4FC8}.Ad-Hoc|Any CPU.Deploy.0 = Release|x86
		{85D8EA2D-CA81-463D-AD0F-9742EEDC4FC8}.Ad-Hoc|ARM.ActiveCfg = Release|ARM
		{85D8EA2D-CA81-463D-AD0F-9742EEDC4FC8}.Ad-Hoc|ARM.Build.0 = Release|ARM
		{85D8EA2D-CA81-463D-AD0F-9742EEDC4FC8}.Ad-Hoc|ARM.Deploy.0 = Release|ARM
		{85D8EA2D-CA81-463D-AD0F-9742EEDC4FC8}.Ad-Hoc|iPhone.ActiveCfg = Release|x86
		{85D8EA2D-CA81-463D-AD0F-9742EEDC4FC8}.Ad-Hoc|iPhone.Build.0 = Release|x86
		{85D8EA2D-CA81-463D-AD0F-9742EEDC4FC8}.Ad-Hoc|iPhone.Deploy.0 = Release|x86
		{85D8EA2D-CA81-463D-AD0F-9742EEDC4FC8}.Ad-Hoc|iPhoneSimulator.ActiveCfg = Release|x86
		{85D8EA2D-CA81-463D-AD0F-9742EEDC4FC8}.Ad-Hoc|iPhoneSimulator.Build.0 = Release|x86
		{85D8EA2D-CA81-463D-AD0F-9742EEDC4FC8}.Ad-Hoc|iPhoneSimulator.Deploy.0 = Release|x86
		{85D8EA2D-CA81-463D-AD0F-9742EEDC4FC8}.Ad-Hoc|x64.ActiveCfg = Release|x64
		{85D8EA2D-CA81-463D-AD0F-9742EEDC4FC8}.Ad-Hoc|x64.Build.0 = Release|x64
		{85D8EA2D-CA81-463D-AD0F-9742EEDC4FC8}.Ad-Hoc|x64.Deploy.0 = Release|x64
		{85D8EA2D-CA81-463D-AD0F-9742EEDC4FC8}.Ad-Hoc|x86.ActiveCfg = Release|x86
		{85D8EA2D-CA81-463D-AD0F-9742EEDC4FC8}.Ad-Hoc|x86.Build.0 = Release|x86
		{85D8EA2D-CA81-463D-AD0F-9742EEDC4FC8}.Ad-Hoc|x86.Deploy.0 = Release|x86
		{85D8EA2D-CA81-463D-AD0F-9742EEDC4FC8}.AppStore|Any CPU.ActiveCfg = Release|x86
		{85D8EA2D-CA81-463D-AD0F-9742EEDC4FC8}.AppStore|Any CPU.Build.0 = Release|x86
		{85D8EA2D-CA81-463D-AD0F-9742EEDC4FC8}.AppStore|Any CPU.Deploy.0 = Release|x86
		{85D8EA2D-CA81-463D-AD0F-9742EEDC4FC8}.AppStore|ARM.ActiveCfg = Release|ARM
		{85D8EA2D-CA81-463D-AD0F-9742EEDC4FC8}.AppStore|ARM.Build.0 = Release|ARM
		{85D8EA2D-CA81-463D-AD0F-9742EEDC4FC8}.AppStore|ARM.Deploy.0 = Release|ARM
		{85D8EA2D-CA81-463D-AD0F-9742EEDC4FC8}.AppStore|iPhone.ActiveCfg = Release|x86
		{85D8EA2D-CA81-463D-AD0F-9742EEDC4FC8}.AppStore|iPhone.Build.0 = Release|x86
		{85D8EA2D-CA81-463D-AD0F-9742EEDC4FC8}.AppStore|iPhone.Deploy.0 = Release|x86
		{85D8EA2D-CA81-463D-AD0F-9742EEDC4FC8}.AppStore|iPhoneSimulator.ActiveCfg = Release|x86
		{85D8EA2D-CA81-463D-AD0F-9742EEDC4FC8}.AppStore|iPhoneSimulator.Build.0 = Release|x86
		{85D8EA2D-CA81-463D-AD0F-9742EEDC4FC8}.AppStore|iPhoneSimulator.Deploy.0 = Release|x86
		{85D8EA2D-CA81-463D-AD0F-9742EEDC4FC8}.AppStore|x64.ActiveCfg = Release|x64
		{85D8EA2D-CA81-463D-AD0F-9742EEDC4FC8}.AppStore|x64.Build.0 = Release|x64
		{85D8EA2D-CA81-463D-AD0F-9742EEDC4FC8}.AppStore|x64.Deploy.0 = Release|x64
		{85D8EA2D-CA81-463D-AD0F-9742EEDC4FC8}.AppStore|x86.ActiveCfg = Release|x86
		{85D8EA2D-CA81-463D-AD0F-9742EEDC4FC8}.AppStore|x86.Build.0 = Release|x86
		{85D8EA2D-CA81-463D-AD0F-9742EEDC4FC8}.AppStore|x86.Deploy.0 = Release|x86
		{85D8EA2D-CA81-463D-AD0F-9742EEDC4FC8}.Debug|Any CPU.ActiveCfg = Debug|x86
		{85D8EA2D-CA81-463D-AD0F-9742EEDC4FC8}.Debug|ARM.ActiveCfg = Debug|ARM
		{85D8EA2D-CA81-463D-AD0F-9742EEDC4FC8}.Debug|ARM.Build.0 = Debug|ARM
		{85D8EA2D-CA81-463D-AD0F-9742EEDC4FC8}.Debug|ARM.Deploy.0 = Debug|ARM
		{85D8EA2D-CA81-463D-AD0F-9742EEDC4FC8}.Debug|iPhone.ActiveCfg = Debug|x86
		{85D8EA2D-CA81-463D-AD0F-9742EEDC4FC8}.Debug|iPhoneSimulator.ActiveCfg = Debug|x86
		{85D8EA2D-CA81-463D-AD0F-9742EEDC4FC8}.Debug|x64.ActiveCfg = Debug|x64
		{85D8EA2D-CA81-463D-AD0F-9742EEDC4FC8}.Debug|x64.Build.0 = Debug|x64
		{85D8EA2D-CA81-463D-AD0F-9742EEDC4FC8}.Debug|x64.Deploy.0 = Debug|x64
		{85D8EA2D-CA81-463D-AD0F-9742EEDC4FC8}.Debug|x86.ActiveCfg = Debug|x86
		{85D8EA2D-CA81-463D-AD0F-9742EEDC4FC8}.Debug|x86.Build.0 = Debug|x86
		{85D8EA2D-CA81-463D-AD0F-9742EEDC4FC8}.Debug|x86.Deploy.0 = Debug|x86
		{85D8EA2D-CA81-463D-AD0F-9742EEDC4FC8}.Release|Any CPU.ActiveCfg = Release|x86
		{85D8EA2D-CA81-463D-AD0F-9742EEDC4FC8}.Release|ARM.ActiveCfg = Release|ARM
		{85D8EA2D-CA81-463D-AD0F-9742EEDC4FC8}.Release|ARM.Build.0 = Release|ARM
		{85D8EA2D-CA81-463D-AD0F-9742EEDC4FC8}.Release|ARM.Deploy.0 = Release|ARM
		{85D8EA2D-CA81-463D-AD0F-9742EEDC4FC8}.Release|iPhone.ActiveCfg = Release|x86
		{85D8EA2D-CA81-463D-AD0F-9742EEDC4FC8}.Release|iPhoneSimulator.ActiveCfg = Release|x86
		{85D8EA2D-CA81-463D-AD0F-9742EEDC4FC8}.Release|x64.ActiveCfg = Release|x64
		{85D8EA2D-CA81-463D-AD0F-9742EEDC4FC8}.Release|x64.Build.0 = Release|x64
		{85D8EA2D-CA81-463D-AD0F-9742EEDC4FC8}.Release|x64.Deploy.0 = Release|x64
		{85D8EA2D-CA81-463D-AD0F-9742EEDC4FC8}.Release|x86.ActiveCfg = Release|x86
		{85D8EA2D-CA81-463D-AD0F-9742EEDC4FC8}.Release|x86.Build.0 = Release|x86
		{85D8EA2D-CA81-463D-AD0F-9742EEDC4FC8}.Release|x86.Deploy.0 = Release|x86
		{C77C05B4-E2A5-4CE2-BE88-1FCADD199D92}.Ad-Hoc|Any CPU.ActiveCfg = Ad-Hoc|iPhone
		{C77C05B4-E2A5-4CE2-BE88-1FCADD199D92}.Ad-Hoc|ARM.ActiveCfg = Ad-Hoc|iPhone
		{C77C05B4-E2A5-4CE2-BE88-1FCADD199D92}.Ad-Hoc|iPhone.ActiveCfg = Ad-Hoc|iPhone
		{C77C05B4-E2A5-4CE2-BE88-1FCADD199D92}.Ad-Hoc|iPhone.Build.0 = Ad-Hoc|iPhone
		{C77C05B4-E2A5-4CE2-BE88-1FCADD199D92}.Ad-Hoc|iPhoneSimulator.ActiveCfg = Ad-Hoc|iPhoneSimulator
		{C77C05B4-E2A5-4CE2-BE88-1FCADD199D92}.Ad-Hoc|iPhoneSimulator.Build.0 = Ad-Hoc|iPhoneSimulator
		{C77C05B4-E2A5-4CE2-BE88-1FCADD199D92}.Ad-Hoc|x64.ActiveCfg = Ad-Hoc|iPhone
		{C77C05B4-E2A5-4CE2-BE88-1FCADD199D92}.Ad-Hoc|x86.ActiveCfg = Ad-Hoc|iPhone
		{C77C05B4-E2A5-4CE2-BE88-1FCADD199D92}.AppStore|Any CPU.ActiveCfg = AppStore|iPhone
		{C77C05B4-E2A5-4CE2-BE88-1FCADD199D92}.AppStore|ARM.ActiveCfg = AppStore|iPhone
		{C77C05B4-E2A5-4CE2-BE88-1FCADD199D92}.AppStore|iPhone.ActiveCfg = AppStore|iPhone
		{C77C05B4-E2A5-4CE2-BE88-1FCADD199D92}.AppStore|iPhone.Build.0 = AppStore|iPhone
		{C77C05B4-E2A5-4CE2-BE88-1FCADD199D92}.AppStore|iPhoneSimulator.ActiveCfg = AppStore|iPhoneSimulator
		{C77C05B4-E2A5-4CE2-BE88-1FCADD199D92}.AppStore|iPhoneSimulator.Build.0 = AppStore|iPhoneSimulator
		{C77C05B4-E2A5-4CE2-BE88-1FCADD199D92}.AppStore|x64.ActiveCfg = AppStore|iPhone
		{C77C05B4-E2A5-4CE2-BE88-1FCADD199D92}.AppStore|x86.ActiveCfg = AppStore|iPhone
		{C77C05B4-E2A5-4CE2-BE88-1FCADD199D92}.Debug|Any CPU.ActiveCfg = Debug|iPhone
		{C77C05B4-E2A5-4CE2-BE88-1FCADD199D92}.Debug|ARM.ActiveCfg = Debug|iPhone
		{C77C05B4-E2A5-4CE2-BE88-1FCADD199D92}.Debug|iPhone.ActiveCfg = Debug|iPhone
		{C77C05B4-E2A5-4CE2-BE88-1FCADD199D92}.Debug|iPhone.Build.0 = Debug|iPhone
		{C77C05B4-E2A5-4CE2-BE88-1FCADD199D92}.Debug|iPhoneSimulator.ActiveCfg = Debug|iPhoneSimulator
		{C77C05B4-E2A5-4CE2-BE88-1FCADD199D92}.Debug|iPhoneSimulator.Build.0 = Debug|iPhoneSimulator
		{C77C05B4-E2A5-4CE2-BE88-1FCADD199D92}.Debug|x64.ActiveCfg = Debug|iPhone
		{C77C05B4-E2A5-4CE2-BE88-1FCADD199D92}.Debug|x86.ActiveCfg = Debug|iPhone
		{C77C05B4-E2A5-4CE2-BE88-1FCADD199D92}.Release|Any CPU.ActiveCfg = Release|iPhone
		{C77C05B4-E2A5-4CE2-BE88-1FCADD199D92}.Release|ARM.ActiveCfg = Release|iPhone
		{C77C05B4-E2A5-4CE2-BE88-1FCADD199D92}.Release|iPhone.ActiveCfg = Release|iPhone
		{C77C05B4-E2A5-4CE2-BE88-1FCADD199D92}.Release|iPhone.Build.0 = Release|iPhone
		{C77C05B4-E2A5-4CE2-BE88-1FCADD199D92}.Release|iPhoneSimulator.ActiveCfg = Release|iPhoneSimulator
		{C77C05B4-E2A5-4CE2-BE88-1FCADD199D92}.Release|iPhoneSimulator.Build.0 = Release|iPhoneSimulator
		{C77C05B4-E2A5-4CE2-BE88-1FCADD199D92}.Release|x64.ActiveCfg = Release|iPhone
		{C77C05B4-E2A5-4CE2-BE88-1FCADD199D92}.Release|x86.ActiveCfg = Release|iPhone
	EndGlobalSection
	GlobalSection(SolutionProperties) = preSolution
		HideSolutionNode = FALSE
	EndGlobalSection
EndGlobal
